{
  "version": 4,
  "terraform_version": "1.7.4",
  "serial": 1,
  "lineage": "b0279588-bbdc-a3f5-cb9c-a7def6f109c1",
  "outputs": {},
  "resources": [
    {
      "mode": "managed",
      "type": "local_file",
      "name": "distros",
      "provider": "provider[\"registry.terraform.io/hashicorp/local\"]",
      "instances": [
        {
          "schema_version": 0,
          "attributes": {
            "content": "I Love Linux distros like Ubuntu. Debian, RHEL, Rocky Linux \u0026 Kali Linux etc",
            "content_base64": null,
            "content_base64sha256": "Gyo2pcNkEIADCktbiiuREFge2Zz4NaSzgSuoTpyuPvE=",
            "content_base64sha512": "DHF1m+yw24KDwbXBYr7GPyEKnVoqIvKGSsrxQ0kht2qrM7wWWxSBHIayZs4altOHH/4+RLR9c/2K5Qb4DFhDmQ==",
            "content_md5": "2b10d33d26945b23b2e83de13e28c1cb",
            "content_sha1": "ce43aa78beb0f93dda5a5472679a54bd9c5e3a86",
            "content_sha256": "1b2a36a5c3641080030a4b5b8a2b9110581ed99cf835a4b3812ba84e9cae3ef1",
            "content_sha512": "0c71759becb0db8283c1b5c162bec63f210a9d5a2a22f2864acaf1434921b76aab33bc165b14811c86b266ce1a96d3871ffe3e44b47d73fd8ae506f80c584399",
            "directory_permission": "0777",
            "file_permission": "0777",
            "filename": "/tmp/nix.txt",
            "id": "ce43aa78beb0f93dda5a5472679a54bd9c5e3a86",
            "sensitive_content": null,
            "source": null
          },
          "sensitive_attributes": []
        }
      ]
    }
  ],
  "check_results": null
}
